
Microsoft Visual Studio Solution File, Format Version 11.00
# Visual Studio 2010
Project("{8BC9CEB8-8B4A-11D0-8D11-00A0C91BC942}") = "DECCore", "DECCore\DECCore.vcxproj", "{B56071D7-3B76-4541-A0A1-75C63AE0CC61}"
EndProject
Project("{8BC9CEB8-8B4A-11D0-8D11-00A0C91BC942}") = "Applications", "simpleDisplay\simpleDisplay.vcxproj", "{75240FD0-F50E-4F5C-BA2E-48525AD2B9C4}"
	ProjectSection(ProjectDependencies) = postProject
		{B56071D7-3B76-4541-A0A1-75C63AE0CC61} = {B56071D7-3B76-4541-A0A1-75C63AE0CC61}
	EndProjectSection
EndProject
Project("{8BC9CEB8-8B4A-11D0-8D11-00A0C91BC942}") = "Solver", "Solver\Solver.vcxproj", "{725F8C9E-5492-48C6-812F-097544BEBE36}"
EndProject
Global
	GlobalSection(SolutionConfigurationPlatforms) = preSolution
		Debug|Win32 = Debug|Win32
		Release|Win32 = Release|Win32
	EndGlobalSection
	GlobalSection(ProjectConfigurationPlatforms) = postSolution
		{B56071D7-3B76-4541-A0A1-75C63AE0CC61}.Debug|Win32.ActiveCfg = Debug|Win32
		{B56071D7-3B76-4541-A0A1-75C63AE0CC61}.Debug|Win32.Build.0 = Debug|Win32
		{B56071D7-3B76-4541-A0A1-75C63AE0CC61}.Release|Win32.ActiveCfg = Release|Win32
		{B56071D7-3B76-4541-A0A1-75C63AE0CC61}.Release|Win32.Build.0 = Release|Win32
		{75240FD0-F50E-4F5C-BA2E-48525AD2B9C4}.Debug|Win32.ActiveCfg = Debug|Win32
		{75240FD0-F50E-4F5C-BA2E-48525AD2B9C4}.Debug|Win32.Build.0 = Debug|Win32
		{75240FD0-F50E-4F5C-BA2E-48525AD2B9C4}.Release|Win32.ActiveCfg = Release|Win32
		{75240FD0-F50E-4F5C-BA2E-48525AD2B9C4}.Release|Win32.Build.0 = Release|Win32
		{725F8C9E-5492-48C6-812F-097544BEBE36}.Debug|Win32.ActiveCfg = Debug|Win32
		{725F8C9E-5492-48C6-812F-097544BEBE36}.Debug|Win32.Build.0 = Debug|Win32
		{725F8C9E-5492-48C6-812F-097544BEBE36}.Release|Win32.ActiveCfg = Release|Win32
		{725F8C9E-5492-48C6-812F-097544BEBE36}.Release|Win32.Build.0 = Release|Win32
	EndGlobalSection
	GlobalSection(SolutionProperties) = preSolution
		HideSolutionNode = FALSE
	EndGlobalSection
EndGlobal
