<?xml version="1.0" encoding="utf-8"?>
<Project ToolsVersion="4.0" xmlns="http://schemas.microsoft.com/developer/msbuild/2003">
  <ItemGroup>
    <Filter Include="Source Files">
      <UniqueIdentifier>{4FC737F1-C7A5-4376-A066-2A32D752A2FF}</UniqueIdentifier>
      <Extensions>cpp;c;cc;cxx;def;odl;idl;hpj;bat;asm;asmx</Extensions>
    </Filter>
    <Filter Include="Header Files">
      <UniqueIdentifier>{93995380-89BD-4b04-88EB-625FBE52EBFB}</UniqueIdentifier>
      <Extensions>h;hpp;hxx;hm;inl;inc;xsd</Extensions>
    </Filter>
    <Filter Include="Resource Files">
      <UniqueIdentifier>{67DA6AB6-F800-4c08-8B7A-83BB121AAD01}</UniqueIdentifier>
      <Extensions>rc;ico;cur;bmp;dlg;rc2;rct;bin;rgs;gif;jpg;jpeg;jpe;resx;tiff;tif;png;wav;mfcribbon-ms</Extensions>
    </Filter>
  </ItemGroup>
  <ItemGroup>
    <None Include="ReadMe.txt" />
  </ItemGroup>
  <ItemGroup>
    <ClInclude Include="stdafx.h">
      <Filter>Header Files</Filter>
    </ClInclude>
    <ClInclude Include="targetver.h">
      <Filter>Header Files</Filter>
    </ClInclude>
    <ClInclude Include="tuple3.h">
      <Filter>Header Files</Filter>
    </ClInclude>
    <ClInclude Include="wfmesh.h">
      <Filter>Header Files</Filter>
    </ClInclude>
    <ClInclude Include="OBIFileReader.h">
      <Filter>Header Files</Filter>
    </ClInclude>
    <ClInclude Include="Observer.h">
      <Filter>Header Files</Filter>
    </ClInclude>
    <ClInclude Include="DECCORE_EXPORT.h">
      <Filter>Header Files</Filter>
    </ClInclude>
    <ClInclude Include="matrixCreator.h">
      <Filter>Header Files</Filter>
    </ClInclude>
    <ClInclude Include="cpuCSRMatrix.h">
      <Filter>Header Files</Filter>
    </ClInclude>
    <ClInclude Include="wingedMesh.h">
      <Filter>Header Files</Filter>
    </ClInclude>
    <ClInclude Include="idCreator.h">
      <Filter>Header Files</Filter>
    </ClInclude>
    <ClInclude Include="wingedEdge.h">
      <Filter>Header Files</Filter>
    </ClInclude>
    <ClInclude Include="DDGMatrices.h">
      <Filter>Header Files</Filter>
    </ClInclude>
    <ClInclude Include="meshMath.h">
      <Filter>Header Files</Filter>
    </ClInclude>
    <ClInclude Include="ball.h">
      <Filter>Header Files</Filter>
    </ClInclude>
    <ClInclude Include="torus.h">
      <Filter>Header Files</Filter>
    </ClInclude>
    <ClInclude Include="floatVector.h">
      <Filter>Header Files</Filter>
    </ClInclude>
    <ClInclude Include="oneForm.h">
      <Filter>Header Files</Filter>
    </ClInclude>
    <ClInclude Include="matrixf.h">
      <Filter>Header Files</Filter>
    </ClInclude>
  </ItemGroup>
  <ItemGroup>
    <ClCompile Include="stdafx.cpp">
      <Filter>Source Files</Filter>
    </ClCompile>
    <ClCompile Include="DECCore.cpp">
      <Filter>Source Files</Filter>
    </ClCompile>
    <ClCompile Include="dllmain.cpp">
      <Filter>Source Files</Filter>
    </ClCompile>
    <ClCompile Include="wfmesh.cpp">
      <Filter>Source Files</Filter>
    </ClCompile>
    <ClCompile Include="OBIFileReader.cpp">
      <Filter>Source Files</Filter>
    </ClCompile>
    <ClCompile Include="tuple3.cpp">
      <Filter>Source Files</Filter>
    </ClCompile>
    <ClCompile Include="cpuCSRMatrix.cpp">
      <Filter>Source Files</Filter>
    </ClCompile>
    <ClCompile Include="wingedMesh.cpp">
      <Filter>Source Files</Filter>
    </ClCompile>
    <ClCompile Include="wingedEdge.cpp">
      <Filter>Source Files</Filter>
    </ClCompile>
    <ClCompile Include="DDGMatrices.cpp">
      <Filter>Source Files</Filter>
    </ClCompile>
    <ClCompile Include="meshMath.cpp">
      <Filter>Source Files</Filter>
    </ClCompile>
    <ClCompile Include="ball.cpp">
      <Filter>Source Files</Filter>
    </ClCompile>
    <ClCompile Include="torus.cpp">
      <Filter>Source Files</Filter>
    </ClCompile>
    <ClCompile Include="floatVector.cpp">
      <Filter>Source Files</Filter>
    </ClCompile>
    <ClCompile Include="oneForm.cpp">
      <Filter>Source Files</Filter>
    </ClCompile>
    <ClCompile Include="matrixf.cpp">
      <Filter>Source Files</Filter>
    </ClCompile>
  </ItemGroup>
</Project>